
Microsoft Visual Studio Solution File, Format Version 12.00
# Visual Studio Version 16
VisualStudioVersion = 16.0.808.8
MinimumVisualStudioVersion = 10.0.40219.1
Project("{FAE04EC0-301F-11D3-BF4B-00C04F79EFBC}") = "halsaskytterlag.no", "halsaskytterlag.no\halsaskytterlag.no.csproj", "{52A3D796-2A7A-4960-81A5-64D4005A0047}"
EndProject
Project("{E53339B2-1760-4266-BCC7-CA923CBCF16C}") = "docker-compose", "docker-compose.dcproj", "{18B553F9-B0D7-4EA8-8A5B-976175E3ED62}"
EndProject
Global
	GlobalSection(SolutionConfigurationPlatforms) = preSolution
		Debug|Any CPU = Debug|Any CPU
		Release|Any CPU = Release|Any CPU
	EndGlobalSection
	GlobalSection(ProjectConfigurationPlatforms) = postSolution
		{52A3D796-2A7A-4960-81A5-64D4005A0047}.Debug|Any CPU.ActiveCfg = Debug|Any CPU
		{52A3D796-2A7A-4960-81A5-64D4005A0047}.Debug|Any CPU.Build.0 = Debug|Any CPU
		{52A3D796-2A7A-4960-81A5-64D4005A0047}.Release|Any CPU.ActiveCfg = Release|Any CPU
		{52A3D796-2A7A-4960-81A5-64D4005A0047}.Release|Any CPU.Build.0 = Release|Any CPU
		{18B553F9-B0D7-4EA8-8A5B-976175E3ED62}.Debug|Any CPU.ActiveCfg = Debug|Any CPU
		{18B553F9-B0D7-4EA8-8A5B-976175E3ED62}.Debug|Any CPU.Build.0 = Debug|Any CPU
		{18B553F9-B0D7-4EA8-8A5B-976175E3ED62}.Release|Any CPU.ActiveCfg = Release|Any CPU
		{18B553F9-B0D7-4EA8-8A5B-976175E3ED62}.Release|Any CPU.Build.0 = Release|Any CPU
	EndGlobalSection
	GlobalSection(SolutionProperties) = preSolution
		HideSolutionNode = FALSE
	EndGlobalSection
	GlobalSection(ExtensibilityGlobals) = postSolution
		SolutionGuid = {C727329A-3EEA-49D1-92FB-14920DE3C0A2}
	EndGlobalSection
EndGlobal
